
Microsoft Visual Studio Solution File, Format Version 12.00
# Visual Studio Version 16
VisualStudioVersion = 16.0.29306.81
MinimumVisualStudioVersion = 10.0.40219.1
Project("{FAE04EC0-301F-11D3-BF4B-00C04F79EFBC}") = "Ex7", "Ex7\Ex7.csproj", "{A86A825B-F87D-4C21-8C44-FBF276B981EC}"
EndProject
Global
	GlobalSection(SolutionConfigurationPlatforms) = preSolution
		Debug|Any CPU = Debug|Any CPU
		Release|Any CPU = Release|Any CPU
	EndGlobalSection
	GlobalSection(ProjectConfigurationPlatforms) = postSolution
		{A86A825B-F87D-4C21-8C44-FBF276B981EC}.Debug|Any CPU.ActiveCfg = Debug|Any CPU
		{A86A825B-F87D-4C21-8C44-FBF276B981EC}.Debug|Any CPU.Build.0 = Debug|Any CPU
		{A86A825B-F87D-4C21-8C44-FBF276B981EC}.Release|Any CPU.ActiveCfg = Release|Any CPU
		{A86A825B-F87D-4C21-8C44-FBF276B981EC}.Release|Any CPU.Build.0 = Release|Any CPU
	EndGlobalSection
	GlobalSection(SolutionProperties) = preSolution
		HideSolutionNode = FALSE
	EndGlobalSection
	GlobalSection(ExtensibilityGlobals) = postSolution
		SolutionGuid = {8B5FE338-E852-48F1-ADF8-7D3F8DC2AF9C}
	EndGlobalSection
EndGlobal
