
Microsoft Visual Studio Solution File, Format Version 12.00
# Visual Studio Version 16
VisualStudioVersion = 16.0.29306.81
MinimumVisualStudioVersion = 10.0.40219.1
Project("{FAE04EC0-301F-11D3-BF4B-00C04F79EFBC}") = "Ex1", "Ex1\Ex1.csproj", "{35DEB5A0-19FD-4F8C-9DD2-A36F81DCAF2A}"
EndProject
Global
	GlobalSection(SolutionConfigurationPlatforms) = preSolution
		Debug|Any CPU = Debug|Any CPU
		Release|Any CPU = Release|Any CPU
	EndGlobalSection
	GlobalSection(ProjectConfigurationPlatforms) = postSolution
		{35DEB5A0-19FD-4F8C-9DD2-A36F81DCAF2A}.Debug|Any CPU.ActiveCfg = Debug|Any CPU
		{35DEB5A0-19FD-4F8C-9DD2-A36F81DCAF2A}.Debug|Any CPU.Build.0 = Debug|Any CPU
		{35DEB5A0-19FD-4F8C-9DD2-A36F81DCAF2A}.Release|Any CPU.ActiveCfg = Release|Any CPU
		{35DEB5A0-19FD-4F8C-9DD2-A36F81DCAF2A}.Release|Any CPU.Build.0 = Release|Any CPU
	EndGlobalSection
	GlobalSection(SolutionProperties) = preSolution
		HideSolutionNode = FALSE
	EndGlobalSection
	GlobalSection(ExtensibilityGlobals) = postSolution
		SolutionGuid = {494A8E3D-3B55-4910-BE67-B1B052C85360}
	EndGlobalSection
EndGlobal
